
Microsoft Visual Studio Solution File, Format Version 12.00
# Visual Studio Version 17
VisualStudioVersion = 17.12.35527.113 d17.12
MinimumVisualStudioVersion = 10.0.40219.1
Project("{FAE04EC0-301F-11D3-BF4B-00C04F79EFBC}") = "RetailManagementApi", "RetailManagementApi\RetailManagementApi.csproj", "{C86471E1-2A22-4162-9015-C54E1A626F98}"
EndProject
Project("{FAE04EC0-301F-11D3-BF4B-00C04F79EFBC}") = "BAL", "BAL\BAL.csproj", "{86E8933E-0894-4E75-B7BB-7B57EEEFCB5F}"
EndProject
Project("{FAE04EC0-301F-11D3-BF4B-00C04F79EFBC}") = "MODEL", "Model\MODEL.csproj", "{8A8AC9B8-810B-4B13-A228-828A5A373DB6}"
EndProject
Project("{FAE04EC0-301F-11D3-BF4B-00C04F79EFBC}") = "REPOSITORY", "REPOSITORY\REPOSITORY.csproj", "{D9F59EE6-C887-496A-BDB6-601A2263B76D}"
EndProject
Global
	GlobalSection(SolutionConfigurationPlatforms) = preSolution
		Debug|Any CPU = Debug|Any CPU
		Release|Any CPU = Release|Any CPU
	EndGlobalSection
	GlobalSection(ProjectConfigurationPlatforms) = postSolution
		{C86471E1-2A22-4162-9015-C54E1A626F98}.Debug|Any CPU.ActiveCfg = Debug|Any CPU
		{C86471E1-2A22-4162-9015-C54E1A626F98}.Debug|Any CPU.Build.0 = Debug|Any CPU
		{C86471E1-2A22-4162-9015-C54E1A626F98}.Release|Any CPU.ActiveCfg = Release|Any CPU
		{C86471E1-2A22-4162-9015-C54E1A626F98}.Release|Any CPU.Build.0 = Release|Any CPU
		{86E8933E-0894-4E75-B7BB-7B57EEEFCB5F}.Debug|Any CPU.ActiveCfg = Debug|Any CPU
		{86E8933E-0894-4E75-B7BB-7B57EEEFCB5F}.Debug|Any CPU.Build.0 = Debug|Any CPU
		{86E8933E-0894-4E75-B7BB-7B57EEEFCB5F}.Release|Any CPU.ActiveCfg = Release|Any CPU
		{86E8933E-0894-4E75-B7BB-7B57EEEFCB5F}.Release|Any CPU.Build.0 = Release|Any CPU
		{8A8AC9B8-810B-4B13-A228-828A5A373DB6}.Debug|Any CPU.ActiveCfg = Debug|Any CPU
		{8A8AC9B8-810B-4B13-A228-828A5A373DB6}.Debug|Any CPU.Build.0 = Debug|Any CPU
		{8A8AC9B8-810B-4B13-A228-828A5A373DB6}.Release|Any CPU.ActiveCfg = Release|Any CPU
		{8A8AC9B8-810B-4B13-A228-828A5A373DB6}.Release|Any CPU.Build.0 = Release|Any CPU
		{D9F59EE6-C887-496A-BDB6-601A2263B76D}.Debug|Any CPU.ActiveCfg = Debug|Any CPU
		{D9F59EE6-C887-496A-BDB6-601A2263B76D}.Debug|Any CPU.Build.0 = Debug|Any CPU
		{D9F59EE6-C887-496A-BDB6-601A2263B76D}.Release|Any CPU.ActiveCfg = Release|Any CPU
		{D9F59EE6-C887-496A-BDB6-601A2263B76D}.Release|Any CPU.Build.0 = Release|Any CPU
	EndGlobalSection
	GlobalSection(SolutionProperties) = preSolution
		HideSolutionNode = FALSE
	EndGlobalSection
EndGlobal
